
Microsoft Visual Studio Solution File, Format Version 11.00
# Visual Studio 2010
Project("{FAE04EC0-301F-11D3-BF4B-00C04F79EFBC}") = "Online", "Online.csproj", "{CBDCD6A3-768F-4D06-AD30-FFBFB2D14B0D}"
EndProject
Project("{FAE04EC0-301F-11D3-BF4B-00C04F79EFBC}") = "OnlineTest1", "OnlineTest1.csproj", "{3920E350-7D1F-461E-A5BA-C52ECC0FA48D}"
EndProject
Project("{FAE04EC0-301F-11D3-BF4B-00C04F79EFBC}") = "OnlineTest2", "OnlineTest2.csproj", "{D0695E9E-2DFD-4CB5-B4AD-FA0263B77298}"
EndProject
Project("{FAE04EC0-301F-11D3-BF4B-00C04F79EFBC}") = "OnlineTest3", "OnlineTest3.csproj", "{A71CCA8D-F7DA-47C1-9F0C-08ED092AD9D2}"
EndProject
Project("{FAE04EC0-301F-11D3-BF4B-00C04F79EFBC}") = "OnlineTest4", "OnlineTest4.csproj", "{8E52E3F3-A6AB-4BE9-8BC9-6353804E0970}"
EndProject
Project("{FAE04EC0-301F-11D3-BF4B-00C04F79EFBC}") = "OnlineAlgo1", "OnlineAlgo1.csproj", "{8A84382F-73C1-4062-8039-03A77A7BB1E6}"
EndProject
Project("{FAE04EC0-301F-11D3-BF4B-00C04F79EFBC}") = "OnlineAlgo2", "OnlineAlgo2.csproj", "{64B956B3-F4ED-4C07-A772-CAE40BBDA9F2}"
EndProject
Project("{FAE04EC0-301F-11D3-BF4B-00C04F79EFBC}") = "OnlineAlgo3", "OnlineAlgo3.csproj", "{849EA913-4E3F-4D8D-8A1A-E8F4A2B852EE}"
EndProject
Project("{FAE04EC0-301F-11D3-BF4B-00C04F79EFBC}") = "GaussTest", "GaussTest.csproj", "{E9671ABC-5F2D-481F-BA0F-BA6AEA897827}"
EndProject
Project("{FAE04EC0-301F-11D3-BF4B-00C04F79EFBC}") = "OnlineTest5", "OnlineTest5.csproj", "{709AF7D1-0F7C-4505-A009-4FF8D732E67A}"
EndProject
Global
	GlobalSection(SolutionConfigurationPlatforms) = preSolution
		Debug|x86 = Debug|x86
		Release|x86 = Release|x86
	EndGlobalSection
	GlobalSection(ProjectConfigurationPlatforms) = postSolution
		{CBDCD6A3-768F-4D06-AD30-FFBFB2D14B0D}.Debug|x86.ActiveCfg = Debug|x86
		{CBDCD6A3-768F-4D06-AD30-FFBFB2D14B0D}.Debug|x86.Build.0 = Debug|x86
		{CBDCD6A3-768F-4D06-AD30-FFBFB2D14B0D}.Release|x86.ActiveCfg = Release|x86
		{CBDCD6A3-768F-4D06-AD30-FFBFB2D14B0D}.Release|x86.Build.0 = Release|x86
		{3920E350-7D1F-461E-A5BA-C52ECC0FA48D}.Debug|x86.ActiveCfg = Debug|x86
		{3920E350-7D1F-461E-A5BA-C52ECC0FA48D}.Debug|x86.Build.0 = Debug|x86
		{3920E350-7D1F-461E-A5BA-C52ECC0FA48D}.Release|x86.ActiveCfg = Release|x86
		{3920E350-7D1F-461E-A5BA-C52ECC0FA48D}.Release|x86.Build.0 = Release|x86
		{D0695E9E-2DFD-4CB5-B4AD-FA0263B77298}.Debug|x86.ActiveCfg = Debug|x86
		{D0695E9E-2DFD-4CB5-B4AD-FA0263B77298}.Debug|x86.Build.0 = Debug|x86
		{D0695E9E-2DFD-4CB5-B4AD-FA0263B77298}.Release|x86.ActiveCfg = Release|x86
		{D0695E9E-2DFD-4CB5-B4AD-FA0263B77298}.Release|x86.Build.0 = Release|x86
		{A71CCA8D-F7DA-47C1-9F0C-08ED092AD9D2}.Debug|x86.ActiveCfg = Debug|x86
		{A71CCA8D-F7DA-47C1-9F0C-08ED092AD9D2}.Debug|x86.Build.0 = Debug|x86
		{A71CCA8D-F7DA-47C1-9F0C-08ED092AD9D2}.Release|x86.ActiveCfg = Release|x86
		{A71CCA8D-F7DA-47C1-9F0C-08ED092AD9D2}.Release|x86.Build.0 = Release|x86
		{8E52E3F3-A6AB-4BE9-8BC9-6353804E0970}.Debug|x86.ActiveCfg = Debug|x86
		{8E52E3F3-A6AB-4BE9-8BC9-6353804E0970}.Debug|x86.Build.0 = Debug|x86
		{8E52E3F3-A6AB-4BE9-8BC9-6353804E0970}.Release|x86.ActiveCfg = Release|x86
		{8E52E3F3-A6AB-4BE9-8BC9-6353804E0970}.Release|x86.Build.0 = Release|x86
		{8A84382F-73C1-4062-8039-03A77A7BB1E6}.Debug|x86.ActiveCfg = Debug|x86
		{8A84382F-73C1-4062-8039-03A77A7BB1E6}.Debug|x86.Build.0 = Debug|x86
		{8A84382F-73C1-4062-8039-03A77A7BB1E6}.Release|x86.ActiveCfg = Release|x86
		{8A84382F-73C1-4062-8039-03A77A7BB1E6}.Release|x86.Build.0 = Release|x86
		{64B956B3-F4ED-4C07-A772-CAE40BBDA9F2}.Debug|x86.ActiveCfg = Debug|x86
		{64B956B3-F4ED-4C07-A772-CAE40BBDA9F2}.Debug|x86.Build.0 = Debug|x86
		{64B956B3-F4ED-4C07-A772-CAE40BBDA9F2}.Release|x86.ActiveCfg = Release|x86
		{64B956B3-F4ED-4C07-A772-CAE40BBDA9F2}.Release|x86.Build.0 = Release|x86
		{849EA913-4E3F-4D8D-8A1A-E8F4A2B852EE}.Debug|x86.ActiveCfg = Debug|x86
		{849EA913-4E3F-4D8D-8A1A-E8F4A2B852EE}.Debug|x86.Build.0 = Debug|x86
		{849EA913-4E3F-4D8D-8A1A-E8F4A2B852EE}.Release|x86.ActiveCfg = Release|x86
		{849EA913-4E3F-4D8D-8A1A-E8F4A2B852EE}.Release|x86.Build.0 = Release|x86
		{E9671ABC-5F2D-481F-BA0F-BA6AEA897827}.Debug|x86.ActiveCfg = Debug|x86
		{E9671ABC-5F2D-481F-BA0F-BA6AEA897827}.Debug|x86.Build.0 = Debug|x86
		{E9671ABC-5F2D-481F-BA0F-BA6AEA897827}.Release|x86.ActiveCfg = Release|x86
		{E9671ABC-5F2D-481F-BA0F-BA6AEA897827}.Release|x86.Build.0 = Release|x86
		{709AF7D1-0F7C-4505-A009-4FF8D732E67A}.Debug|x86.ActiveCfg = Debug|x86
		{709AF7D1-0F7C-4505-A009-4FF8D732E67A}.Debug|x86.Build.0 = Debug|x86
		{709AF7D1-0F7C-4505-A009-4FF8D732E67A}.Release|x86.ActiveCfg = Release|x86
		{709AF7D1-0F7C-4505-A009-4FF8D732E67A}.Release|x86.Build.0 = Release|x86
	EndGlobalSection
	GlobalSection(SolutionProperties) = preSolution
		HideSolutionNode = FALSE
	EndGlobalSection
EndGlobal
