
Microsoft Visual Studio Solution File, Format Version 12.00
# Visual Studio 2012
Project("{FAE04EC0-301F-11D3-BF4B-00C04F79EFBC}") = "CatWalk", "CatWalk\CatWalk.csproj", "{AE338060-3AF3-4BBB-9028-806A3CE681A3}"
EndProject
Project("{FAE04EC0-301F-11D3-BF4B-00C04F79EFBC}") = "CatWalk.Extensions", "CatWalk.Extensions\CatWalk.Extensions.csproj", "{D971501C-972C-476B-A4AA-78BE25E1A23C}"
EndProject
Project("{FAE04EC0-301F-11D3-BF4B-00C04F79EFBC}") = "CatWalk.Windows", "CatWalk.Windows\CatWalk.Windows.csproj", "{9A2FF1C8-BE35-493A-8A2B-F2A13B902AF1}"
EndProject
Project("{FAE04EC0-301F-11D3-BF4B-00C04F79EFBC}") = "CatWalk.Graph", "CatWalk.Graph\CatWalk.Graph.csproj", "{460F4007-1758-433E-BB3E-C38DDE398C49}"
EndProject
Project("{FAE04EC0-301F-11D3-BF4B-00C04F79EFBC}") = "CatWalk.Win32", "CatWalk.Win32\CatWalk.Win32.csproj", "{3F14F7F9-2111-4ED3-8B83-0328B9DF9792}"
EndProject
Project("{FAE04EC0-301F-11D3-BF4B-00C04F79EFBC}") = "CatWalk.IOSystem", "CatWalk.IOSystem\CatWalk.IOSystem.csproj", "{FAE8F115-587D-4D83-B609-7E0107CE68C5}"
EndProject
Project("{FAE04EC0-301F-11D3-BF4B-00C04F79EFBC}") = "CatWalk.Net", "CatWalk.Net\CatWalk.Net.csproj", "{1F6D6C3A-2326-40B3-859E-91D9A418C493}"
EndProject
Project("{FAE04EC0-301F-11D3-BF4B-00C04F79EFBC}") = "CatWalk.Mvvm", "CatWalk.Mvvm\CatWalk.Mvvm.csproj", "{9B4E4ACE-C079-45FC-A36F-7CFECC49DAAC}"
EndProject
Project("{FAE04EC0-301F-11D3-BF4B-00C04F79EFBC}") = "CatWalk.Net.OAuth", "CatWalk.Net.OAuth\CatWalk.Net.OAuth.csproj", "{5E7FE420-9EE5-4F25-AB81-80E9961B44FD}"
EndProject
Project("{FAE04EC0-301F-11D3-BF4B-00C04F79EFBC}") = "CatWalk.Net.Twitter", "CatWalk.Net.Twitter\CatWalk.Net.Twitter.csproj", "{5DD926BF-11C0-4421-8DBC-120902B3E8ED}"
EndProject
Project("{FAE04EC0-301F-11D3-BF4B-00C04F79EFBC}") = "CatWalk.IOSystem.Environment", "CatWalk.IOSystem.Environment\CatWalk.IOSystem.Environment.csproj", "{84E6D62B-A6C7-4381-A690-C33F1236CBA8}"
EndProject
Project("{FAE04EC0-301F-11D3-BF4B-00C04F79EFBC}") = "CatWalk.IOSystem.Win32", "CatWalk.IOSystem.Win32\CatWalk.IOSystem.Win32.csproj", "{9C100D3D-DE5F-4299-819D-F6B1504AD38B}"
EndProject
Project("{FAE04EC0-301F-11D3-BF4B-00C04F79EFBC}") = "CatWalk.IOSystem.FileSystem", "CatWalk.IOSystem.FileSystem\CatWalk.IOSystem.FileSystem.csproj", "{030F3382-51A1-4637-A48A-7E44F6575615}"
EndProject
Project("{FAE04EC0-301F-11D3-BF4B-00C04F79EFBC}") = "CatWalk.IOSystem.Twitter", "CatWalk.IOSystem.Twitter\CatWalk.IOSystem.Twitter.csproj", "{C1BFCB3A-6F56-4894-84DC-F043BD2BB3A5}"
EndProject
Project("{FAE04EC0-301F-11D3-BF4B-00C04F79EFBC}") = "Heron", "Heron\Heron.csproj", "{52816E46-15D6-4D30-815C-0CBF4AC368BB}"
EndProject
Project("{FAE04EC0-301F-11D3-BF4B-00C04F79EFBC}") = "Heron.Core", "Heron.Core\Heron.Core.csproj", "{646B1D1D-E243-4D9E-8068-EB8303FFB121}"
EndProject
Project("{FAE04EC0-301F-11D3-BF4B-00C04F79EFBC}") = "BassNet2", "BassNet2\BassNet2.csproj", "{5CCA60F7-2F6A-443E-9F02-5EDE1AFF0D30}"
EndProject
Project("{FAE04EC0-301F-11D3-BF4B-00C04F79EFBC}") = "GflNet", "GFLNet\GflNet.csproj", "{BB486CB8-B1BA-4BB9-8990-327F41C75B07}"
EndProject
Project("{FAE04EC0-301F-11D3-BF4B-00C04F79EFBC}") = "WPF.MDI", "WPF.MDI\WPF.MDI.csproj", "{BE1ED569-5E0B-4DF0-8964-33AD2AAE4C4A}"
EndProject
Global
	GlobalSection(SolutionConfigurationPlatforms) = preSolution
		Debug|Any CPU = Debug|Any CPU
		Debug|Mixed Platforms = Debug|Mixed Platforms
		Debug|x86 = Debug|x86
		Release|Any CPU = Release|Any CPU
		Release|Mixed Platforms = Release|Mixed Platforms
		Release|x86 = Release|x86
	EndGlobalSection
	GlobalSection(ProjectConfigurationPlatforms) = postSolution
		{AE338060-3AF3-4BBB-9028-806A3CE681A3}.Debug|Any CPU.ActiveCfg = Debug|Any CPU
		{AE338060-3AF3-4BBB-9028-806A3CE681A3}.Debug|Any CPU.Build.0 = Debug|Any CPU
		{AE338060-3AF3-4BBB-9028-806A3CE681A3}.Debug|Mixed Platforms.ActiveCfg = Debug|Any CPU
		{AE338060-3AF3-4BBB-9028-806A3CE681A3}.Debug|Mixed Platforms.Build.0 = Debug|Any CPU
		{AE338060-3AF3-4BBB-9028-806A3CE681A3}.Debug|x86.ActiveCfg = Debug|Any CPU
		{AE338060-3AF3-4BBB-9028-806A3CE681A3}.Release|Any CPU.ActiveCfg = Release|Any CPU
		{AE338060-3AF3-4BBB-9028-806A3CE681A3}.Release|Any CPU.Build.0 = Release|Any CPU
		{AE338060-3AF3-4BBB-9028-806A3CE681A3}.Release|Mixed Platforms.ActiveCfg = Release|Any CPU
		{AE338060-3AF3-4BBB-9028-806A3CE681A3}.Release|Mixed Platforms.Build.0 = Release|Any CPU
		{AE338060-3AF3-4BBB-9028-806A3CE681A3}.Release|x86.ActiveCfg = Release|Any CPU
		{D971501C-972C-476B-A4AA-78BE25E1A23C}.Debug|Any CPU.ActiveCfg = Debug|Any CPU
		{D971501C-972C-476B-A4AA-78BE25E1A23C}.Debug|Any CPU.Build.0 = Debug|Any CPU
		{D971501C-972C-476B-A4AA-78BE25E1A23C}.Debug|Mixed Platforms.ActiveCfg = Debug|Any CPU
		{D971501C-972C-476B-A4AA-78BE25E1A23C}.Debug|Mixed Platforms.Build.0 = Debug|Any CPU
		{D971501C-972C-476B-A4AA-78BE25E1A23C}.Debug|x86.ActiveCfg = Debug|Any CPU
		{D971501C-972C-476B-A4AA-78BE25E1A23C}.Release|Any CPU.ActiveCfg = Release|Any CPU
		{D971501C-972C-476B-A4AA-78BE25E1A23C}.Release|Any CPU.Build.0 = Release|Any CPU
		{D971501C-972C-476B-A4AA-78BE25E1A23C}.Release|Mixed Platforms.ActiveCfg = Release|Any CPU
		{D971501C-972C-476B-A4AA-78BE25E1A23C}.Release|Mixed Platforms.Build.0 = Release|Any CPU
		{D971501C-972C-476B-A4AA-78BE25E1A23C}.Release|x86.ActiveCfg = Release|Any CPU
		{9A2FF1C8-BE35-493A-8A2B-F2A13B902AF1}.Debug|Any CPU.ActiveCfg = Debug|Any CPU
		{9A2FF1C8-BE35-493A-8A2B-F2A13B902AF1}.Debug|Any CPU.Build.0 = Debug|Any CPU
		{9A2FF1C8-BE35-493A-8A2B-F2A13B902AF1}.Debug|Mixed Platforms.ActiveCfg = Debug|Any CPU
		{9A2FF1C8-BE35-493A-8A2B-F2A13B902AF1}.Debug|Mixed Platforms.Build.0 = Debug|Any CPU
		{9A2FF1C8-BE35-493A-8A2B-F2A13B902AF1}.Debug|x86.ActiveCfg = Debug|Any CPU
		{9A2FF1C8-BE35-493A-8A2B-F2A13B902AF1}.Release|Any CPU.ActiveCfg = Release|Any CPU
		{9A2FF1C8-BE35-493A-8A2B-F2A13B902AF1}.Release|Any CPU.Build.0 = Release|Any CPU
		{9A2FF1C8-BE35-493A-8A2B-F2A13B902AF1}.Release|Mixed Platforms.ActiveCfg = Release|Any CPU
		{9A2FF1C8-BE35-493A-8A2B-F2A13B902AF1}.Release|Mixed Platforms.Build.0 = Release|Any CPU
		{9A2FF1C8-BE35-493A-8A2B-F2A13B902AF1}.Release|x86.ActiveCfg = Release|Any CPU
		{460F4007-1758-433E-BB3E-C38DDE398C49}.Debug|Any CPU.ActiveCfg = Debug|Any CPU
		{460F4007-1758-433E-BB3E-C38DDE398C49}.Debug|Any CPU.Build.0 = Debug|Any CPU
		{460F4007-1758-433E-BB3E-C38DDE398C49}.Debug|Mixed Platforms.ActiveCfg = Debug|Any CPU
		{460F4007-1758-433E-BB3E-C38DDE398C49}.Debug|Mixed Platforms.Build.0 = Debug|Any CPU
		{460F4007-1758-433E-BB3E-C38DDE398C49}.Debug|x86.ActiveCfg = Debug|Any CPU
		{460F4007-1758-433E-BB3E-C38DDE398C49}.Release|Any CPU.ActiveCfg = Release|Any CPU
		{460F4007-1758-433E-BB3E-C38DDE398C49}.Release|Any CPU.Build.0 = Release|Any CPU
		{460F4007-1758-433E-BB3E-C38DDE398C49}.Release|Mixed Platforms.ActiveCfg = Release|Any CPU
		{460F4007-1758-433E-BB3E-C38DDE398C49}.Release|Mixed Platforms.Build.0 = Release|Any CPU
		{460F4007-1758-433E-BB3E-C38DDE398C49}.Release|x86.ActiveCfg = Release|Any CPU
		{3F14F7F9-2111-4ED3-8B83-0328B9DF9792}.Debug|Any CPU.ActiveCfg = Debug|Any CPU
		{3F14F7F9-2111-4ED3-8B83-0328B9DF9792}.Debug|Any CPU.Build.0 = Debug|Any CPU
		{3F14F7F9-2111-4ED3-8B83-0328B9DF9792}.Debug|Mixed Platforms.ActiveCfg = Debug|Any CPU
		{3F14F7F9-2111-4ED3-8B83-0328B9DF9792}.Debug|Mixed Platforms.Build.0 = Debug|Any CPU
		{3F14F7F9-2111-4ED3-8B83-0328B9DF9792}.Debug|x86.ActiveCfg = Debug|Any CPU
		{3F14F7F9-2111-4ED3-8B83-0328B9DF9792}.Release|Any CPU.ActiveCfg = Release|Any CPU
		{3F14F7F9-2111-4ED3-8B83-0328B9DF9792}.Release|Any CPU.Build.0 = Release|Any CPU
		{3F14F7F9-2111-4ED3-8B83-0328B9DF9792}.Release|Mixed Platforms.ActiveCfg = Release|Any CPU
		{3F14F7F9-2111-4ED3-8B83-0328B9DF9792}.Release|Mixed Platforms.Build.0 = Release|Any CPU
		{3F14F7F9-2111-4ED3-8B83-0328B9DF9792}.Release|x86.ActiveCfg = Release|Any CPU
		{FAE8F115-587D-4D83-B609-7E0107CE68C5}.Debug|Any CPU.ActiveCfg = Debug|Any CPU
		{FAE8F115-587D-4D83-B609-7E0107CE68C5}.Debug|Any CPU.Build.0 = Debug|Any CPU
		{FAE8F115-587D-4D83-B609-7E0107CE68C5}.Debug|Mixed Platforms.ActiveCfg = Debug|Any CPU
		{FAE8F115-587D-4D83-B609-7E0107CE68C5}.Debug|Mixed Platforms.Build.0 = Debug|Any CPU
		{FAE8F115-587D-4D83-B609-7E0107CE68C5}.Debug|x86.ActiveCfg = Debug|Any CPU
		{FAE8F115-587D-4D83-B609-7E0107CE68C5}.Release|Any CPU.ActiveCfg = Release|Any CPU
		{FAE8F115-587D-4D83-B609-7E0107CE68C5}.Release|Any CPU.Build.0 = Release|Any CPU
		{FAE8F115-587D-4D83-B609-7E0107CE68C5}.Release|Mixed Platforms.ActiveCfg = Release|Any CPU
		{FAE8F115-587D-4D83-B609-7E0107CE68C5}.Release|Mixed Platforms.Build.0 = Release|Any CPU
		{FAE8F115-587D-4D83-B609-7E0107CE68C5}.Release|x86.ActiveCfg = Release|Any CPU
		{1F6D6C3A-2326-40B3-859E-91D9A418C493}.Debug|Any CPU.ActiveCfg = Debug|Any CPU
		{1F6D6C3A-2326-40B3-859E-91D9A418C493}.Debug|Any CPU.Build.0 = Debug|Any CPU
		{1F6D6C3A-2326-40B3-859E-91D9A418C493}.Debug|Mixed Platforms.ActiveCfg = Debug|Any CPU
		{1F6D6C3A-2326-40B3-859E-91D9A418C493}.Debug|Mixed Platforms.Build.0 = Debug|Any CPU
		{1F6D6C3A-2326-40B3-859E-91D9A418C493}.Debug|x86.ActiveCfg = Debug|Any CPU
		{1F6D6C3A-2326-40B3-859E-91D9A418C493}.Release|Any CPU.ActiveCfg = Release|Any CPU
		{1F6D6C3A-2326-40B3-859E-91D9A418C493}.Release|Any CPU.Build.0 = Release|Any CPU
		{1F6D6C3A-2326-40B3-859E-91D9A418C493}.Release|Mixed Platforms.ActiveCfg = Release|Any CPU
		{1F6D6C3A-2326-40B3-859E-91D9A418C493}.Release|Mixed Platforms.Build.0 = Release|Any CPU
		{1F6D6C3A-2326-40B3-859E-91D9A418C493}.Release|x86.ActiveCfg = Release|Any CPU
		{9B4E4ACE-C079-45FC-A36F-7CFECC49DAAC}.Debug|Any CPU.ActiveCfg = Debug|Any CPU
		{9B4E4ACE-C079-45FC-A36F-7CFECC49DAAC}.Debug|Any CPU.Build.0 = Debug|Any CPU
		{9B4E4ACE-C079-45FC-A36F-7CFECC49DAAC}.Debug|Mixed Platforms.ActiveCfg = Debug|Any CPU
		{9B4E4ACE-C079-45FC-A36F-7CFECC49DAAC}.Debug|Mixed Platforms.Build.0 = Debug|Any CPU
		{9B4E4ACE-C079-45FC-A36F-7CFECC49DAAC}.Debug|x86.ActiveCfg = Debug|Any CPU
		{9B4E4ACE-C079-45FC-A36F-7CFECC49DAAC}.Release|Any CPU.ActiveCfg = Release|Any CPU
		{9B4E4ACE-C079-45FC-A36F-7CFECC49DAAC}.Release|Any CPU.Build.0 = Release|Any CPU
		{9B4E4ACE-C079-45FC-A36F-7CFECC49DAAC}.Release|Mixed Platforms.ActiveCfg = Release|Any CPU
		{9B4E4ACE-C079-45FC-A36F-7CFECC49DAAC}.Release|Mixed Platforms.Build.0 = Release|Any CPU
		{9B4E4ACE-C079-45FC-A36F-7CFECC49DAAC}.Release|x86.ActiveCfg = Release|Any CPU
		{5E7FE420-9EE5-4F25-AB81-80E9961B44FD}.Debug|Any CPU.ActiveCfg = Debug|Any CPU
		{5E7FE420-9EE5-4F25-AB81-80E9961B44FD}.Debug|Any CPU.Build.0 = Debug|Any CPU
		{5E7FE420-9EE5-4F25-AB81-80E9961B44FD}.Debug|Mixed Platforms.ActiveCfg = Debug|Any CPU
		{5E7FE420-9EE5-4F25-AB81-80E9961B44FD}.Debug|Mixed Platforms.Build.0 = Debug|Any CPU
		{5E7FE420-9EE5-4F25-AB81-80E9961B44FD}.Debug|x86.ActiveCfg = Debug|Any CPU
		{5E7FE420-9EE5-4F25-AB81-80E9961B44FD}.Release|Any CPU.ActiveCfg = Release|Any CPU
		{5E7FE420-9EE5-4F25-AB81-80E9961B44FD}.Release|Any CPU.Build.0 = Release|Any CPU
		{5E7FE420-9EE5-4F25-AB81-80E9961B44FD}.Release|Mixed Platforms.ActiveCfg = Release|Any CPU
		{5E7FE420-9EE5-4F25-AB81-80E9961B44FD}.Release|Mixed Platforms.Build.0 = Release|Any CPU
		{5E7FE420-9EE5-4F25-AB81-80E9961B44FD}.Release|x86.ActiveCfg = Release|Any CPU
		{5DD926BF-11C0-4421-8DBC-120902B3E8ED}.Debug|Any CPU.ActiveCfg = Debug|Any CPU
		{5DD926BF-11C0-4421-8DBC-120902B3E8ED}.Debug|Any CPU.Build.0 = Debug|Any CPU
		{5DD926BF-11C0-4421-8DBC-120902B3E8ED}.Debug|Mixed Platforms.ActiveCfg = Debug|Any CPU
		{5DD926BF-11C0-4421-8DBC-120902B3E8ED}.Debug|Mixed Platforms.Build.0 = Debug|Any CPU
		{5DD926BF-11C0-4421-8DBC-120902B3E8ED}.Debug|x86.ActiveCfg = Debug|Any CPU
		{5DD926BF-11C0-4421-8DBC-120902B3E8ED}.Release|Any CPU.ActiveCfg = Release|Any CPU
		{5DD926BF-11C0-4421-8DBC-120902B3E8ED}.Release|Any CPU.Build.0 = Release|Any CPU
		{5DD926BF-11C0-4421-8DBC-120902B3E8ED}.Release|Mixed Platforms.ActiveCfg = Release|Any CPU
		{5DD926BF-11C0-4421-8DBC-120902B3E8ED}.Release|Mixed Platforms.Build.0 = Release|Any CPU
		{5DD926BF-11C0-4421-8DBC-120902B3E8ED}.Release|x86.ActiveCfg = Release|Any CPU
		{84E6D62B-A6C7-4381-A690-C33F1236CBA8}.Debug|Any CPU.ActiveCfg = Debug|Any CPU
		{84E6D62B-A6C7-4381-A690-C33F1236CBA8}.Debug|Any CPU.Build.0 = Debug|Any CPU
		{84E6D62B-A6C7-4381-A690-C33F1236CBA8}.Debug|Mixed Platforms.ActiveCfg = Debug|Any CPU
		{84E6D62B-A6C7-4381-A690-C33F1236CBA8}.Debug|Mixed Platforms.Build.0 = Debug|Any CPU
		{84E6D62B-A6C7-4381-A690-C33F1236CBA8}.Debug|x86.ActiveCfg = Debug|Any CPU
		{84E6D62B-A6C7-4381-A690-C33F1236CBA8}.Release|Any CPU.ActiveCfg = Release|Any CPU
		{84E6D62B-A6C7-4381-A690-C33F1236CBA8}.Release|Any CPU.Build.0 = Release|Any CPU
		{84E6D62B-A6C7-4381-A690-C33F1236CBA8}.Release|Mixed Platforms.ActiveCfg = Release|Any CPU
		{84E6D62B-A6C7-4381-A690-C33F1236CBA8}.Release|Mixed Platforms.Build.0 = Release|Any CPU
		{84E6D62B-A6C7-4381-A690-C33F1236CBA8}.Release|x86.ActiveCfg = Release|Any CPU
		{9C100D3D-DE5F-4299-819D-F6B1504AD38B}.Debug|Any CPU.ActiveCfg = Debug|Any CPU
		{9C100D3D-DE5F-4299-819D-F6B1504AD38B}.Debug|Any CPU.Build.0 = Debug|Any CPU
		{9C100D3D-DE5F-4299-819D-F6B1504AD38B}.Debug|Mixed Platforms.ActiveCfg = Debug|Any CPU
		{9C100D3D-DE5F-4299-819D-F6B1504AD38B}.Debug|Mixed Platforms.Build.0 = Debug|Any CPU
		{9C100D3D-DE5F-4299-819D-F6B1504AD38B}.Debug|x86.ActiveCfg = Debug|Any CPU
		{9C100D3D-DE5F-4299-819D-F6B1504AD38B}.Release|Any CPU.ActiveCfg = Release|Any CPU
		{9C100D3D-DE5F-4299-819D-F6B1504AD38B}.Release|Any CPU.Build.0 = Release|Any CPU
		{9C100D3D-DE5F-4299-819D-F6B1504AD38B}.Release|Mixed Platforms.ActiveCfg = Release|Any CPU
		{9C100D3D-DE5F-4299-819D-F6B1504AD38B}.Release|Mixed Platforms.Build.0 = Release|Any CPU
		{9C100D3D-DE5F-4299-819D-F6B1504AD38B}.Release|x86.ActiveCfg = Release|Any CPU
		{030F3382-51A1-4637-A48A-7E44F6575615}.Debug|Any CPU.ActiveCfg = Debug|Any CPU
		{030F3382-51A1-4637-A48A-7E44F6575615}.Debug|Any CPU.Build.0 = Debug|Any CPU
		{030F3382-51A1-4637-A48A-7E44F6575615}.Debug|Mixed Platforms.ActiveCfg = Debug|Any CPU
		{030F3382-51A1-4637-A48A-7E44F6575615}.Debug|Mixed Platforms.Build.0 = Debug|Any CPU
		{030F3382-51A1-4637-A48A-7E44F6575615}.Debug|x86.ActiveCfg = Debug|Any CPU
		{030F3382-51A1-4637-A48A-7E44F6575615}.Release|Any CPU.ActiveCfg = Release|Any CPU
		{030F3382-51A1-4637-A48A-7E44F6575615}.Release|Any CPU.Build.0 = Release|Any CPU
		{030F3382-51A1-4637-A48A-7E44F6575615}.Release|Mixed Platforms.ActiveCfg = Release|Any CPU
		{030F3382-51A1-4637-A48A-7E44F6575615}.Release|Mixed Platforms.Build.0 = Release|Any CPU
		{030F3382-51A1-4637-A48A-7E44F6575615}.Release|x86.ActiveCfg = Release|Any CPU
		{C1BFCB3A-6F56-4894-84DC-F043BD2BB3A5}.Debug|Any CPU.ActiveCfg = Debug|Any CPU
		{C1BFCB3A-6F56-4894-84DC-F043BD2BB3A5}.Debug|Any CPU.Build.0 = Debug|Any CPU
		{C1BFCB3A-6F56-4894-84DC-F043BD2BB3A5}.Debug|Mixed Platforms.ActiveCfg = Debug|Any CPU
		{C1BFCB3A-6F56-4894-84DC-F043BD2BB3A5}.Debug|Mixed Platforms.Build.0 = Debug|Any CPU
		{C1BFCB3A-6F56-4894-84DC-F043BD2BB3A5}.Debug|x86.ActiveCfg = Debug|Any CPU
		{C1BFCB3A-6F56-4894-84DC-F043BD2BB3A5}.Release|Any CPU.ActiveCfg = Release|Any CPU
		{C1BFCB3A-6F56-4894-84DC-F043BD2BB3A5}.Release|Any CPU.Build.0 = Release|Any CPU
		{C1BFCB3A-6F56-4894-84DC-F043BD2BB3A5}.Release|Mixed Platforms.ActiveCfg = Release|Any CPU
		{C1BFCB3A-6F56-4894-84DC-F043BD2BB3A5}.Release|Mixed Platforms.Build.0 = Release|Any CPU
		{C1BFCB3A-6F56-4894-84DC-F043BD2BB3A5}.Release|x86.ActiveCfg = Release|Any CPU
		{52816E46-15D6-4D30-815C-0CBF4AC368BB}.Debug|Any CPU.ActiveCfg = Debug|Any CPU
		{52816E46-15D6-4D30-815C-0CBF4AC368BB}.Debug|Any CPU.Build.0 = Debug|Any CPU
		{52816E46-15D6-4D30-815C-0CBF4AC368BB}.Debug|Mixed Platforms.ActiveCfg = Debug|Any CPU
		{52816E46-15D6-4D30-815C-0CBF4AC368BB}.Debug|Mixed Platforms.Build.0 = Debug|Any CPU
		{52816E46-15D6-4D30-815C-0CBF4AC368BB}.Debug|x86.ActiveCfg = Debug|Any CPU
		{52816E46-15D6-4D30-815C-0CBF4AC368BB}.Release|Any CPU.ActiveCfg = Release|Any CPU
		{52816E46-15D6-4D30-815C-0CBF4AC368BB}.Release|Any CPU.Build.0 = Release|Any CPU
		{52816E46-15D6-4D30-815C-0CBF4AC368BB}.Release|Mixed Platforms.ActiveCfg = Release|Any CPU
		{52816E46-15D6-4D30-815C-0CBF4AC368BB}.Release|Mixed Platforms.Build.0 = Release|Any CPU
		{52816E46-15D6-4D30-815C-0CBF4AC368BB}.Release|x86.ActiveCfg = Release|Any CPU
		{646B1D1D-E243-4D9E-8068-EB8303FFB121}.Debug|Any CPU.ActiveCfg = Debug|Any CPU
		{646B1D1D-E243-4D9E-8068-EB8303FFB121}.Debug|Any CPU.Build.0 = Debug|Any CPU
		{646B1D1D-E243-4D9E-8068-EB8303FFB121}.Debug|Mixed Platforms.ActiveCfg = Debug|Any CPU
		{646B1D1D-E243-4D9E-8068-EB8303FFB121}.Debug|Mixed Platforms.Build.0 = Debug|Any CPU
		{646B1D1D-E243-4D9E-8068-EB8303FFB121}.Debug|x86.ActiveCfg = Debug|Any CPU
		{646B1D1D-E243-4D9E-8068-EB8303FFB121}.Release|Any CPU.ActiveCfg = Release|Any CPU
		{646B1D1D-E243-4D9E-8068-EB8303FFB121}.Release|Any CPU.Build.0 = Release|Any CPU
		{646B1D1D-E243-4D9E-8068-EB8303FFB121}.Release|Mixed Platforms.ActiveCfg = Release|Any CPU
		{646B1D1D-E243-4D9E-8068-EB8303FFB121}.Release|Mixed Platforms.Build.0 = Release|Any CPU
		{646B1D1D-E243-4D9E-8068-EB8303FFB121}.Release|x86.ActiveCfg = Release|Any CPU
		{5CCA60F7-2F6A-443E-9F02-5EDE1AFF0D30}.Debug|Any CPU.ActiveCfg = Debug|Any CPU
		{5CCA60F7-2F6A-443E-9F02-5EDE1AFF0D30}.Debug|Any CPU.Build.0 = Debug|Any CPU
		{5CCA60F7-2F6A-443E-9F02-5EDE1AFF0D30}.Debug|Mixed Platforms.ActiveCfg = Debug|Any CPU
		{5CCA60F7-2F6A-443E-9F02-5EDE1AFF0D30}.Debug|Mixed Platforms.Build.0 = Debug|Any CPU
		{5CCA60F7-2F6A-443E-9F02-5EDE1AFF0D30}.Debug|x86.ActiveCfg = Debug|Any CPU
		{5CCA60F7-2F6A-443E-9F02-5EDE1AFF0D30}.Release|Any CPU.ActiveCfg = Release|Any CPU
		{5CCA60F7-2F6A-443E-9F02-5EDE1AFF0D30}.Release|Any CPU.Build.0 = Release|Any CPU
		{5CCA60F7-2F6A-443E-9F02-5EDE1AFF0D30}.Release|Mixed Platforms.ActiveCfg = Release|Any CPU
		{5CCA60F7-2F6A-443E-9F02-5EDE1AFF0D30}.Release|Mixed Platforms.Build.0 = Release|Any CPU
		{5CCA60F7-2F6A-443E-9F02-5EDE1AFF0D30}.Release|x86.ActiveCfg = Release|Any CPU
		{BB486CB8-B1BA-4BB9-8990-327F41C75B07}.Debug|Any CPU.ActiveCfg = Debug|Any CPU
		{BB486CB8-B1BA-4BB9-8990-327F41C75B07}.Debug|Any CPU.Build.0 = Debug|Any CPU
		{BB486CB8-B1BA-4BB9-8990-327F41C75B07}.Debug|Mixed Platforms.ActiveCfg = Debug|Any CPU
		{BB486CB8-B1BA-4BB9-8990-327F41C75B07}.Debug|Mixed Platforms.Build.0 = Debug|Any CPU
		{BB486CB8-B1BA-4BB9-8990-327F41C75B07}.Debug|x86.ActiveCfg = Debug|Any CPU
		{BB486CB8-B1BA-4BB9-8990-327F41C75B07}.Release|Any CPU.ActiveCfg = Release|Any CPU
		{BB486CB8-B1BA-4BB9-8990-327F41C75B07}.Release|Any CPU.Build.0 = Release|Any CPU
		{BB486CB8-B1BA-4BB9-8990-327F41C75B07}.Release|Mixed Platforms.ActiveCfg = Release|Any CPU
		{BB486CB8-B1BA-4BB9-8990-327F41C75B07}.Release|Mixed Platforms.Build.0 = Release|Any CPU
		{BB486CB8-B1BA-4BB9-8990-327F41C75B07}.Release|x86.ActiveCfg = Release|Any CPU
		{BE1ED569-5E0B-4DF0-8964-33AD2AAE4C4A}.Debug|Any CPU.ActiveCfg = Debug|Any CPU
		{BE1ED569-5E0B-4DF0-8964-33AD2AAE4C4A}.Debug|Any CPU.Build.0 = Debug|Any CPU
		{BE1ED569-5E0B-4DF0-8964-33AD2AAE4C4A}.Debug|Mixed Platforms.ActiveCfg = Debug|Any CPU
		{BE1ED569-5E0B-4DF0-8964-33AD2AAE4C4A}.Debug|Mixed Platforms.Build.0 = Debug|Any CPU
		{BE1ED569-5E0B-4DF0-8964-33AD2AAE4C4A}.Debug|x86.ActiveCfg = Debug|Any CPU
		{BE1ED569-5E0B-4DF0-8964-33AD2AAE4C4A}.Release|Any CPU.ActiveCfg = Release|Any CPU
		{BE1ED569-5E0B-4DF0-8964-33AD2AAE4C4A}.Release|Any CPU.Build.0 = Release|Any CPU
		{BE1ED569-5E0B-4DF0-8964-33AD2AAE4C4A}.Release|Mixed Platforms.ActiveCfg = Release|Any CPU
		{BE1ED569-5E0B-4DF0-8964-33AD2AAE4C4A}.Release|Mixed Platforms.Build.0 = Release|Any CPU
		{BE1ED569-5E0B-4DF0-8964-33AD2AAE4C4A}.Release|x86.ActiveCfg = Release|Any CPU
	EndGlobalSection
	GlobalSection(SolutionProperties) = preSolution
		HideSolutionNode = FALSE
	EndGlobalSection
EndGlobal
