
Microsoft Visual Studio Solution File, Format Version 11.00
# Visual C# Express 2010
Project("{FAE04EC0-301F-11D3-BF4B-00C04F79EFBC}") = "Nget", "Nget\Nget.csproj", "{CEF9D9A3-0B32-4B2E-A62B-FA35240AE1CB}"
EndProject
Global
	GlobalSection(SolutionConfigurationPlatforms) = preSolution
		Debug|Any CPU = Debug|Any CPU
		Release|Any CPU = Release|Any CPU
	EndGlobalSection
	GlobalSection(ProjectConfigurationPlatforms) = postSolution
		{CEF9D9A3-0B32-4B2E-A62B-FA35240AE1CB}.Debug|Any CPU.ActiveCfg = Debug|Any CPU
		{CEF9D9A3-0B32-4B2E-A62B-FA35240AE1CB}.Debug|Any CPU.Build.0 = Debug|Any CPU
		{CEF9D9A3-0B32-4B2E-A62B-FA35240AE1CB}.Release|Any CPU.ActiveCfg = Release|Any CPU
		{CEF9D9A3-0B32-4B2E-A62B-FA35240AE1CB}.Release|Any CPU.Build.0 = Release|Any CPU
	EndGlobalSection
	GlobalSection(SolutionProperties) = preSolution
		HideSolutionNode = FALSE
	EndGlobalSection
EndGlobal
